
Microsoft Visual Studio Solution File, Format Version 12.00
# Visual Studio Version 17
VisualStudioVersion = 17.10.35122.118
MinimumVisualStudioVersion = 10.0.40219.1
Project("{9A19103F-16F7-4668-BE54-9A1E7A4F7556}") = "ToDoApp.Domain", "ToDoApp.Domain\ToDoApp.Domain.csproj", "{066DF1EF-8D50-4B1D-AA09-040EFDBA3103}"
EndProject
Project("{9A19103F-16F7-4668-BE54-9A1E7A4F7556}") = "ToDoApp.Application", "ToDoApp.Application\ToDoApp.Application.csproj", "{64074D53-29C5-43AD-AA33-7C4002ED7B95}"
EndProject
Project("{FAE04EC0-301F-11D3-BF4B-00C04F79EFBC}") = "ToDoApp.Infrastructure", "ToDoApp.Infrastructure\ToDoApp.Infrastructure.csproj", "{1D9F1BF7-7527-4B3A-A47F-5FC489F2D218}"
EndProject
Project("{FAE04EC0-301F-11D3-BF4B-00C04F79EFBC}") = "ToDoApp.WebApi", "ToDoApp.WebApi\ToDoApp.WebApi.csproj", "{7DF08017-414D-49E8-B189-D671CF024A42}"
EndProject
Global
	GlobalSection(SolutionConfigurationPlatforms) = preSolution
		Debug|Any CPU = Debug|Any CPU
		Release|Any CPU = Release|Any CPU
	EndGlobalSection
	GlobalSection(ProjectConfigurationPlatforms) = postSolution
		{066DF1EF-8D50-4B1D-AA09-040EFDBA3103}.Debug|Any CPU.ActiveCfg = Debug|Any CPU
		{066DF1EF-8D50-4B1D-AA09-040EFDBA3103}.Debug|Any CPU.Build.0 = Debug|Any CPU
		{066DF1EF-8D50-4B1D-AA09-040EFDBA3103}.Release|Any CPU.ActiveCfg = Release|Any CPU
		{066DF1EF-8D50-4B1D-AA09-040EFDBA3103}.Release|Any CPU.Build.0 = Release|Any CPU
		{64074D53-29C5-43AD-AA33-7C4002ED7B95}.Debug|Any CPU.ActiveCfg = Debug|Any CPU
		{64074D53-29C5-43AD-AA33-7C4002ED7B95}.Debug|Any CPU.Build.0 = Debug|Any CPU
		{64074D53-29C5-43AD-AA33-7C4002ED7B95}.Release|Any CPU.ActiveCfg = Release|Any CPU
		{64074D53-29C5-43AD-AA33-7C4002ED7B95}.Release|Any CPU.Build.0 = Release|Any CPU
		{1D9F1BF7-7527-4B3A-A47F-5FC489F2D218}.Debug|Any CPU.ActiveCfg = Debug|Any CPU
		{1D9F1BF7-7527-4B3A-A47F-5FC489F2D218}.Debug|Any CPU.Build.0 = Debug|Any CPU
		{1D9F1BF7-7527-4B3A-A47F-5FC489F2D218}.Release|Any CPU.ActiveCfg = Release|Any CPU
		{1D9F1BF7-7527-4B3A-A47F-5FC489F2D218}.Release|Any CPU.Build.0 = Release|Any CPU
		{7DF08017-414D-49E8-B189-D671CF024A42}.Debug|Any CPU.ActiveCfg = Debug|Any CPU
		{7DF08017-414D-49E8-B189-D671CF024A42}.Debug|Any CPU.Build.0 = Debug|Any CPU
		{7DF08017-414D-49E8-B189-D671CF024A42}.Release|Any CPU.ActiveCfg = Release|Any CPU
		{7DF08017-414D-49E8-B189-D671CF024A42}.Release|Any CPU.Build.0 = Release|Any CPU
	EndGlobalSection
	GlobalSection(SolutionProperties) = preSolution
		HideSolutionNode = FALSE
	EndGlobalSection
	GlobalSection(ExtensibilityGlobals) = postSolution
		SolutionGuid = {1360AFB5-0D93-46A5-81EB-1A5F67E9E4F7}
	EndGlobalSection
EndGlobal
